
Microsoft Visual Studio Solution File, Format Version 12.00
# Visual Studio Version 17
VisualStudioVersion = 17.14.36518.9
MinimumVisualStudioVersion = 10.0.40219.1
Project("{FAE04EC0-301F-11D3-BF4B-00C04F79EFBC}") = "AutomatedTestFramework_Slk", "AutomatedTestFramework_Slk.csproj", "{6EFDE5AE-824E-87AB-7B1D-1C35FDA8E38A}"
EndProject
Global
	GlobalSection(SolutionConfigurationPlatforms) = preSolution
		Debug|Any CPU = Debug|Any CPU
		Release|Any CPU = Release|Any CPU
	EndGlobalSection
	GlobalSection(ProjectConfigurationPlatforms) = postSolution
		{6EFDE5AE-824E-87AB-7B1D-1C35FDA8E38A}.Debug|Any CPU.ActiveCfg = Debug|Any CPU
		{6EFDE5AE-824E-87AB-7B1D-1C35FDA8E38A}.Debug|Any CPU.Build.0 = Debug|Any CPU
		{6EFDE5AE-824E-87AB-7B1D-1C35FDA8E38A}.Release|Any CPU.ActiveCfg = Release|Any CPU
		{6EFDE5AE-824E-87AB-7B1D-1C35FDA8E38A}.Release|Any CPU.Build.0 = Release|Any CPU
	EndGlobalSection
	GlobalSection(SolutionProperties) = preSolution
		HideSolutionNode = FALSE
	EndGlobalSection
	GlobalSection(ExtensibilityGlobals) = postSolution
		SolutionGuid = {0AC1401A-AF57-4AC6-8059-E141CD824630}
	EndGlobalSection
EndGlobal
