
Microsoft Visual Studio Solution File, Format Version 12.00
# Visual Studio Version 17
VisualStudioVersion = 17.14.36518.9 d17.14
MinimumVisualStudioVersion = 10.0.40219.1
Project("{FAE04EC0-301F-11D3-BF4B-00C04F79EFBC}") = "AutomatedTestFramework", "AutomatedTestFramework.csproj", "{67D131E2-D86D-CE2F-5E84-8A9A1465472E}"
EndProject
Global
	GlobalSection(SolutionConfigurationPlatforms) = preSolution
		Debug|Any CPU = Debug|Any CPU
		Release|Any CPU = Release|Any CPU
	EndGlobalSection
	GlobalSection(ProjectConfigurationPlatforms) = postSolution
		{67D131E2-D86D-CE2F-5E84-8A9A1465472E}.Debug|Any CPU.ActiveCfg = Debug|Any CPU
		{67D131E2-D86D-CE2F-5E84-8A9A1465472E}.Debug|Any CPU.Build.0 = Debug|Any CPU
		{67D131E2-D86D-CE2F-5E84-8A9A1465472E}.Release|Any CPU.ActiveCfg = Release|Any CPU
		{67D131E2-D86D-CE2F-5E84-8A9A1465472E}.Release|Any CPU.Build.0 = Release|Any CPU
	EndGlobalSection
	GlobalSection(SolutionProperties) = preSolution
		HideSolutionNode = FALSE
	EndGlobalSection
	GlobalSection(ExtensibilityGlobals) = postSolution
		SolutionGuid = {0AC1401A-AF57-4AC6-8059-E141CD824630}
	EndGlobalSection
EndGlobal
